{
  "requires": true,
  "lockfileVersion": 1,
  "dependencies": {
    "numeral": {
      "version": "2.0.6",
      "resolved": "https://registry.npmjs.org/numeral/-/numeral-2.0.6.tgz",
      "integrity": "sha1-StCAk21EPCVhrtnyGX7//iX05QY="
    },
    "vue-async-computed": {
      "version": "3.6.1",
      "resolved": "https://registry.npmjs.org/vue-async-computed/-/vue-async-computed-3.6.1.tgz",
      "integrity": "sha512-8FFDTqfdvKrzK5Fr7nNHZgP6sQ2hTUELTrLn25i8VW/g06MztD+FOe1gs0RYVpRkPlcrykf2hbJxNYra1c4OGg=="
    }
  }
}
